{
  "name": "simulation",
  "version": "1.0.0",
  "lockfileVersion": 3,
  "requires": true,
  "packages": {
    "": {
      "name": "simulation",
      "version": "1.0.0",
      "license": "MIT",
      "dependencies": {
        "avr8js": "^0.21.1"
      }
    },
    "node_modules/avr8js": {
      "version": "0.21.1",
      "resolved": "https://registry.npmjs.org/avr8js/-/avr8js-0.21.1.tgz",
      "integrity": "sha512-lS1vPaB0gB2GXoPrHFQOUG/5CRORjvnmjbs8SiPZdJpt4HkV0+v6HnNeXxo/X9lPqumqphls2Qyql8zsw9rBaw==",
      "license": "MIT",
      "engines": {
        "node": ">= 20.19.0",
        "npm": ">= 10.0.0"
      }
    }
  }
}
